
Microsoft Visual Studio Solution File, Format Version 12.00
# Visual Studio Version 16
VisualStudioVersion = 25.0.1704.0
MinimumVisualStudioVersion = 10.0.40219.1
Project("{FAE04EC0-301F-11D3-BF4B-00C04F79EFBC}") = "Example004_Div", "Example004_Div.csproj", "{C7A68655-CEDB-4F48-AEFF-FBCC5EFDE1B8}"
EndProject
Global
	GlobalSection(SolutionConfigurationPlatforms) = preSolution
		Debug|Any CPU = Debug|Any CPU
		Release|Any CPU = Release|Any CPU
	EndGlobalSection
	GlobalSection(ProjectConfigurationPlatforms) = postSolution
		{C7A68655-CEDB-4F48-AEFF-FBCC5EFDE1B8}.Debug|Any CPU.ActiveCfg = Debug|Any CPU
		{C7A68655-CEDB-4F48-AEFF-FBCC5EFDE1B8}.Debug|Any CPU.Build.0 = Debug|Any CPU
		{C7A68655-CEDB-4F48-AEFF-FBCC5EFDE1B8}.Release|Any CPU.ActiveCfg = Release|Any CPU
		{C7A68655-CEDB-4F48-AEFF-FBCC5EFDE1B8}.Release|Any CPU.Build.0 = Release|Any CPU
	EndGlobalSection
	GlobalSection(SolutionProperties) = preSolution
		HideSolutionNode = FALSE
	EndGlobalSection
	GlobalSection(ExtensibilityGlobals) = postSolution
		SolutionGuid = {EB35DCC5-BDDC-4337-AB1C-BE2B3045749E}
	EndGlobalSection
EndGlobal
